
Microsoft Visual Studio Solution File, Format Version 12.00
# Visual Studio Version 16
VisualStudioVersion = 16.0.31624.102
MinimumVisualStudioVersion = 10.0.40219.1
Project("{FAE04EC0-301F-11D3-BF4B-00C04F79EFBC}") = "34-Z3", "34-Z3.csproj", "{86923F83-6EE1-4E53-8F14-158E961BA1D8}"
EndProject
Global
	GlobalSection(SolutionConfigurationPlatforms) = preSolution
		Debug|Any CPU = Debug|Any CPU
		Release|Any CPU = Release|Any CPU
	EndGlobalSection
	GlobalSection(ProjectConfigurationPlatforms) = postSolution
		{86923F83-6EE1-4E53-8F14-158E961BA1D8}.Debug|Any CPU.ActiveCfg = Debug|Any CPU
		{86923F83-6EE1-4E53-8F14-158E961BA1D8}.Debug|Any CPU.Build.0 = Debug|Any CPU
		{86923F83-6EE1-4E53-8F14-158E961BA1D8}.Release|Any CPU.ActiveCfg = Release|Any CPU
		{86923F83-6EE1-4E53-8F14-158E961BA1D8}.Release|Any CPU.Build.0 = Release|Any CPU
	EndGlobalSection
	GlobalSection(SolutionProperties) = preSolution
		HideSolutionNode = FALSE
	EndGlobalSection
	GlobalSection(ExtensibilityGlobals) = postSolution
		SolutionGuid = {2B563DD4-E111-45A3-A303-74B3EFBC75EF}
	EndGlobalSection
EndGlobal
