
Microsoft Visual Studio Solution File, Format Version 12.00
Project("{FAE04EC0-301F-11D3-BF4B-00C04F79EFBC}") = "dopis", "dopis\dopis.csproj", "{DBF01D42-9EEB-4524-BC61-E817BEB63071}"
EndProject
Global
	GlobalSection(SolutionConfigurationPlatforms) = preSolution
		Debug|Any CPU = Debug|Any CPU
		Release|Any CPU = Release|Any CPU
	EndGlobalSection
	GlobalSection(ProjectConfigurationPlatforms) = postSolution
		{DBF01D42-9EEB-4524-BC61-E817BEB63071}.Debug|Any CPU.ActiveCfg = Debug|Any CPU
		{DBF01D42-9EEB-4524-BC61-E817BEB63071}.Debug|Any CPU.Build.0 = Debug|Any CPU
		{DBF01D42-9EEB-4524-BC61-E817BEB63071}.Release|Any CPU.ActiveCfg = Release|Any CPU
		{DBF01D42-9EEB-4524-BC61-E817BEB63071}.Release|Any CPU.Build.0 = Release|Any CPU
	EndGlobalSection
EndGlobal
