
Microsoft Visual Studio Solution File, Format Version 12.00
Project("{FAE04EC0-301F-11D3-BF4B-00C04F79EFBC}") = "pleteni_pomlazky", "pleteni_pomlazky\pleteni_pomlazky.csproj", "{1EFCD947-C540-4AFC-BEA0-526BEEDA94BA}"
EndProject
Global
	GlobalSection(SolutionConfigurationPlatforms) = preSolution
		Debug|Any CPU = Debug|Any CPU
		Release|Any CPU = Release|Any CPU
	EndGlobalSection
	GlobalSection(ProjectConfigurationPlatforms) = postSolution
		{1EFCD947-C540-4AFC-BEA0-526BEEDA94BA}.Debug|Any CPU.ActiveCfg = Debug|Any CPU
		{1EFCD947-C540-4AFC-BEA0-526BEEDA94BA}.Debug|Any CPU.Build.0 = Debug|Any CPU
		{1EFCD947-C540-4AFC-BEA0-526BEEDA94BA}.Release|Any CPU.ActiveCfg = Release|Any CPU
		{1EFCD947-C540-4AFC-BEA0-526BEEDA94BA}.Release|Any CPU.Build.0 = Release|Any CPU
	EndGlobalSection
EndGlobal
